
Microsoft Visual Studio Solution File, Format Version 12.00
# Visual Studio Version 16
VisualStudioVersion = 16.0.29613.14
MinimumVisualStudioVersion = 10.0.40219.1
Project("{9A19103F-16F7-4668-BE54-9A1E7A4F7556}") = "TreeCrud.Server", "TreeCrud.Server\TreeCrud.Server.csproj", "{90D37845-FC3C-4FE7-97C9-FB6F8F274C1A}"
EndProject
Project("{9A19103F-16F7-4668-BE54-9A1E7A4F7556}") = "BlazorTreeControl", "BlazorTreeControl\BlazorTreeControl.csproj", "{842D8EE2-E02D-4DD1-9D13-62C2EA43575E}"
EndProject
Project("{9A19103F-16F7-4668-BE54-9A1E7A4F7556}") = "TreeCrud.App", "TreeCrud.App\TreeCrud.App.csproj", "{DD816A85-EEAF-4F30-AD49-53AEA9EC69D2}"
EndProject
Global
	GlobalSection(SolutionConfigurationPlatforms) = preSolution
		Debug|Any CPU = Debug|Any CPU
		Release|Any CPU = Release|Any CPU
	EndGlobalSection
	GlobalSection(ProjectConfigurationPlatforms) = postSolution
		{90D37845-FC3C-4FE7-97C9-FB6F8F274C1A}.Debug|Any CPU.ActiveCfg = Debug|Any CPU
		{90D37845-FC3C-4FE7-97C9-FB6F8F274C1A}.Debug|Any CPU.Build.0 = Debug|Any CPU
		{90D37845-FC3C-4FE7-97C9-FB6F8F274C1A}.Release|Any CPU.ActiveCfg = Release|Any CPU
		{90D37845-FC3C-4FE7-97C9-FB6F8F274C1A}.Release|Any CPU.Build.0 = Release|Any CPU
		{842D8EE2-E02D-4DD1-9D13-62C2EA43575E}.Debug|Any CPU.ActiveCfg = Debug|Any CPU
		{842D8EE2-E02D-4DD1-9D13-62C2EA43575E}.Debug|Any CPU.Build.0 = Debug|Any CPU
		{842D8EE2-E02D-4DD1-9D13-62C2EA43575E}.Release|Any CPU.ActiveCfg = Release|Any CPU
		{842D8EE2-E02D-4DD1-9D13-62C2EA43575E}.Release|Any CPU.Build.0 = Release|Any CPU
		{DD816A85-EEAF-4F30-AD49-53AEA9EC69D2}.Debug|Any CPU.ActiveCfg = Debug|Any CPU
		{DD816A85-EEAF-4F30-AD49-53AEA9EC69D2}.Debug|Any CPU.Build.0 = Debug|Any CPU
		{DD816A85-EEAF-4F30-AD49-53AEA9EC69D2}.Release|Any CPU.ActiveCfg = Release|Any CPU
		{DD816A85-EEAF-4F30-AD49-53AEA9EC69D2}.Release|Any CPU.Build.0 = Release|Any CPU
	EndGlobalSection
	GlobalSection(SolutionProperties) = preSolution
		HideSolutionNode = FALSE
	EndGlobalSection
	GlobalSection(ExtensibilityGlobals) = postSolution
		SolutionGuid = {D052C9C3-6678-4042-B123-2AC5B7DCD627}
	EndGlobalSection
EndGlobal
